// !$*UTF8*$!
{
	archiveVersion = 1;
	classes = {
	};
	objectVersion = 56;
	objects = {

/* Begin PBXBuildFile section */
		C5CD97CA2B00E671003D7E3B /* AppDelegate.swift in Sources */ = {isa = PBXBuildFile; fileRef = C5CD97C92B00E671003D7E3B /* AppDelegate.swift */; };
		C5CD97CC2B00E671003D7E3B /* SceneDelegate.swift in Sources */ = {isa = PBXBuildFile; fileRef = C5CD97CB2B00E671003D7E3B /* SceneDelegate.swift */; };
		C5CD97CE2B00E671003D7E3B /* CheckJsonViewController.swift in Sources */ = {isa = PBXBuildFile; fileRef = C5CD97CD2B00E671003D7E3B /* CheckJsonViewController.swift */; };
		C5CD97D12B00E671003D7E3B /* Main.storyboard in Resources */ = {isa = PBXBuildFile; fileRef = C5CD97CF2B00E671003D7E3B /* Main.storyboard */; };
		C5CD97D32B00E672003D7E3B /* Assets.xcassets in Resources */ = {isa = PBXBuildFile; fileRef = C5CD97D22B00E672003D7E3B /* Assets.xcassets */; };
		C5CD97D62B00E672003D7E3B /* LaunchScreen.storyboard in Resources */ = {isa = PBXBuildFile; fileRef = C5CD97D42B00E672003D7E3B /* LaunchScreen.storyboard */; };
		C5CD97DE2B00ECD1003D7E3B /* UserCell.swift in Sources */ = {isa = PBXBuildFile; fileRef = C5CD97DD2B00ECD1003D7E3B /* UserCell.swift */; };
		C5CD97E02B0106CD003D7E3B /* Anime.swift in Sources */ = {isa = PBXBuildFile; fileRef = C5CD97DF2B0106CD003D7E3B /* Anime.swift */; };
/* End PBXBuildFile section */

/* Begin PBXFileReference section */
		C5CD97C62B00E671003D7E3B /* json+collections.app */ = {isa = PBXFileReference; explicitFileType = wrapper.application; includeInIndex = 0; path = "json+collections.app"; sourceTree = BUILT_PRODUCTS_DIR; };
		C5CD97C92B00E671003D7E3B /* AppDelegate.swift */ = {isa = PBXFileReference; lastKnownFileType = sourcecode.swift; path = AppDelegate.swift; sourceTree = "<group>"; };
		C5CD97CB2B00E671003D7E3B /* SceneDelegate.swift */ = {isa = PBXFileReference; lastKnownFileType = sourcecode.swift; path = SceneDelegate.swift; sourceTree = "<group>"; };
		C5CD97CD2B00E671003D7E3B /* CheckJsonViewController.swift */ = {isa = PBXFileReference; lastKnownFileType = sourcecode.swift; path = CheckJsonViewController.swift; sourceTree = "<group>"; };
		C5CD97D02B00E671003D7E3B /* Base */ = {isa = PBXFileReference; lastKnownFileType = file.storyboard; name = Base; path = Base.lproj/Main.storyboard; sourceTree = "<group>"; };
		C5CD97D22B00E672003D7E3B /* Assets.xcassets */ = {isa = PBXFileReference; lastKnownFileType = folder.assetcatalog; path = Assets.xcassets; sourceTree = "<group>"; };
		C5CD97D52B00E672003D7E3B /* Base */ = {isa = PBXFileReference; lastKnownFileType = file.storyboard; name = Base; path = Base.lproj/LaunchScreen.storyboard; sourceTree = "<group>"; };
		C5CD97D72B00E672003D7E3B /* Info.plist */ = {isa = PBXFileReference; lastKnownFileType = text.plist.xml; path = Info.plist; sourceTree = "<group>"; };
		C5CD97DD2B00ECD1003D7E3B /* UserCell.swift */ = {isa = PBXFileReference; lastKnownFileType = sourcecode.swift; path = UserCell.swift; sourceTree = "<group>"; };
		C5CD97DF2B0106CD003D7E3B /* Anime.swift */ = {isa = PBXFileReference; lastKnownFileType = sourcecode.swift; path = Anime.swift; sourceTree = "<group>"; };
/* End PBXFileReference section */

/* Begin PBXFrameworksBuildPhase section */
		C5CD97C32B00E671003D7E3B /* Frameworks */ = {
			isa = PBXFrameworksBuildPhase;
			buildActionMask = 2147483647;
			files = (
			);
			runOnlyForDeploymentPostprocessing = 0;
		};
/* End PBXFrameworksBuildPhase section */

/* Begin PBXGroup section */
		C5CD97BD2B00E671003D7E3B = {
			isa = PBXGroup;
			children = (
				C5CD97C82B00E671003D7E3B /* json+collections */,
				C5CD97C72B00E671003D7E3B /* Products */,
			);
			sourceTree = "<group>";
		};
		C5CD97C72B00E671003D7E3B /* Products */ = {
			isa = PBXGroup;
			children = (
				C5CD97C62B00E671003D7E3B /* json+collections.app */,
			);
			name = Products;
			sourceTree = "<group>";
		};
		C5CD97C82B00E671003D7E3B /* json+collections */ = {
			isa = PBXGroup;
			children = (
				C5CD97E32B0112B7003D7E3B /* ViewControllers */,
				C5CD97E62B0112FC003D7E3B /* App */,
				C5CD97E12B01128E003D7E3B /* Model */,
				C5CD97E22B01129F003D7E3B /* Views */,
				C5CD97E42B0112D0003D7E3B /* Storyboards */,
				C5CD97E52B0112EF003D7E3B /* Resourses */,
			);
			path = "json+collections";
			sourceTree = "<group>";
		};
		C5CD97E12B01128E003D7E3B /* Model */ = {
			isa = PBXGroup;
			children = (
				C5CD97DF2B0106CD003D7E3B /* Anime.swift */,
			);
			path = Model;
			sourceTree = "<group>";
		};
		C5CD97E22B01129F003D7E3B /* Views */ = {
			isa = PBXGroup;
			children = (
				C5CD97DD2B00ECD1003D7E3B /* UserCell.swift */,
			);
			path = Views;
			sourceTree = "<group>";
		};
		C5CD97E32B0112B7003D7E3B /* ViewControllers */ = {
			isa = PBXGroup;
			children = (
				C5CD97CD2B00E671003D7E3B /* CheckJsonViewController.swift */,
			);
			path = ViewControllers;
			sourceTree = "<group>";
		};
		C5CD97E42B0112D0003D7E3B /* Storyboards */ = {
			isa = PBXGroup;
			children = (
				C5CD97CF2B00E671003D7E3B /* Main.storyboard */,
				C5CD97D42B00E672003D7E3B /* LaunchScreen.storyboard */,
			);
			path = Storyboards;
			sourceTree = "<group>";
		};
		C5CD97E52B0112EF003D7E3B /* Resourses */ = {
			isa = PBXGroup;
			children = (
				C5CD97D22B00E672003D7E3B /* Assets.xcassets */,
			);
			path = Resourses;
			sourceTree = "<group>";
		};
		C5CD97E62B0112FC003D7E3B /* App */ = {
			isa = PBXGroup;
			children = (
				C5CD97C92B00E671003D7E3B /* AppDelegate.swift */,
				C5CD97CB2B00E671003D7E3B /* SceneDelegate.swift */,
				C5CD97D72B00E672003D7E3B /* Info.plist */,
			);
			path = App;
			sourceTree = "<group>";
		};
/* End PBXGroup section */

/* Begin PBXNativeTarget section */
		C5CD97C52B00E671003D7E3B /* json+collections */ = {
			isa = PBXNativeTarget;
			buildConfigurationList = C5CD97DA2B00E672003D7E3B /* Build configuration list for PBXNativeTarget "json+collections" */;
			buildPhases = (
				C5CD97C22B00E671003D7E3B /* Sources */,
				C5CD97C32B00E671003D7E3B /* Frameworks */,
				C5CD97C42B00E671003D7E3B /* Resources */,
			);
			buildRules = (
			);
			dependencies = (
			);
			name = "json+collections";
			productName = "json+collections";
			productReference = C5CD97C62B00E671003D7E3B /* json+collections.app */;
			productType = "com.apple.product-type.application";
		};
/* End PBXNativeTarget section */

/* Begin PBXProject section */
		C5CD97BE2B00E671003D7E3B /* Project object */ = {
			isa = PBXProject;
			attributes = {
				BuildIndependentTargetsInParallel = 1;
				LastSwiftUpdateCheck = 1500;
				LastUpgradeCheck = 1500;
				TargetAttributes = {
					C5CD97C52B00E671003D7E3B = {
						CreatedOnToolsVersion = 15.0.1;
					};
				};
			};
			buildConfigurationList = C5CD97C12B00E671003D7E3B /* Build configuration list for PBXProject "json+collections" */;
			compatibilityVersion = "Xcode 14.0";
			developmentRegion = en;
			hasScannedForEncodings = 0;
			knownRegions = (
				en,
				Base,
			);
			mainGroup = C5CD97BD2B00E671003D7E3B;
			productRefGroup = C5CD97C72B00E671003D7E3B /* Products */;
			projectDirPath = "";
			projectRoot = "";
			targets = (
				C5CD97C52B00E671003D7E3B /* json+collections */,
			);
		};
/* End PBXProject section */

/* Begin PBXResourcesBuildPhase section */
		C5CD97C42B00E671003D7E3B /* Resources */ = {
			isa = PBXResourcesBuildPhase;
			buildActionMask = 2147483647;
			files = (
				C5CD97D62B00E672003D7E3B /* LaunchScreen.storyboard in Resources */,
				C5CD97D32B00E672003D7E3B /* Assets.xcassets in Resources */,
				C5CD97D12B00E671003D7E3B /* Main.storyboard in Resources */,
			);
			runOnlyForDeploymentPostprocessing = 0;
		};
/* End PBXResourcesBuildPhase section */

/* Begin PBXSourcesBuildPhase section */
		C5CD97C22B00E671003D7E3B /* Sources */ = {
			isa = PBXSourcesBuildPhase;
			buildActionMask = 2147483647;
			files = (
				C5CD97DE2B00ECD1003D7E3B /* UserCell.swift in Sources */,
				C5CD97E02B0106CD003D7E3B /* Anime.swift in Sources */,
				C5CD97CE2B00E671003D7E3B /* CheckJsonViewController.swift in Sources */,
				C5CD97CA2B00E671003D7E3B /* AppDelegate.swift in Sources */,
				C5CD97CC2B00E671003D7E3B /* SceneDelegate.swift in Sources */,
			);
			runOnlyForDeploymentPostprocessing = 0;
		};
/* End PBXSourcesBuildPhase section */

/* Begin PBXVariantGroup section */
		C5CD97CF2B00E671003D7E3B /* Main.storyboard */ = {
			isa = PBXVariantGroup;
			children = (
				C5CD97D02B00E671003D7E3B /* Base */,
			);
			name = Main.storyboard;
			sourceTree = "<group>";
		};
		C5CD97D42B00E672003D7E3B /* LaunchScreen.storyboard */ = {
			isa = PBXVariantGroup;
			children = (
				C5CD97D52B00E672003D7E3B /* Base */,
			);
			name = LaunchScreen.storyboard;
			sourceTree = "<group>";
		};
/* End PBXVariantGroup section */

/* Begin XCBuildConfiguration section */
		C5CD97D82B00E672003D7E3B /* Debug */ = {
			isa = XCBuildConfiguration;
			buildSettings = {
				ALWAYS_SEARCH_USER_PATHS = NO;
				ASSETCATALOG_COMPILER_GENERATE_SWIFT_ASSET_SYMBOL_EXTENSIONS = YES;
				CLANG_ANALYZER_NONNULL = YES;
				CLANG_ANALYZER_NUMBER_OBJECT_CONVERSION = YES_AGGRESSIVE;
				CLANG_CXX_LANGUAGE_STANDARD = "gnu++20";
				CLANG_ENABLE_MODULES = YES;
				CLANG_ENABLE_OBJC_ARC = YES;
				CLANG_ENABLE_OBJC_WEAK = YES;
				CLANG_WARN_BLOCK_CAPTURE_AUTORELEASING = YES;
				CLANG_WARN_BOOL_CONVERSION = YES;
				CLANG_WARN_COMMA = YES;
				CLANG_WARN_CONSTANT_CONVERSION = YES;
				CLANG_WARN_DEPRECATED_OBJC_IMPLEMENTATIONS = YES;
				CLANG_WARN_DIRECT_OBJC_ISA_USAGE = YES_ERROR;
				CLANG_WARN_DOCUMENTATION_COMMENTS = YES;
				CLANG_WARN_EMPTY_BODY = YES;
				CLANG_WARN_ENUM_CONVERSION = YES;
				CLANG_WARN_INFINITE_RECURSION = YES;
				CLANG_WARN_INT_CONVERSION = YES;
				CLANG_WARN_NON_LITERAL_NULL_CONVERSION = YES;
				CLANG_WARN_OBJC_IMPLICIT_RETAIN_SELF = YES;
				CLANG_WARN_OBJC_LITERAL_CONVERSION = YES;
				CLANG_WARN_OBJC_ROOT_CLASS = YES_ERROR;
				CLANG_WARN_QUOTED_INCLUDE_IN_FRAMEWORK_HEADER = YES;
				CLANG_WARN_RANGE_LOOP_ANALYSIS = YES;
				CLANG_WARN_STRICT_PROTOTYPES = YES;
				CLANG_WARN_SUSPICIOUS_MOVE = YES;
				CLANG_WARN_UNGUARDED_AVAILABILITY = YES_AGGRESSIVE;
				CLANG_WARN_UNREACHABLE_CODE = YES;
				CLANG_WARN__DUPLICATE_METHOD_MATCH = YES;
				COPY_PHASE_STRIP = NO;
				DEBUG_INFORMATION_FORMAT = dwarf;
				ENABLE_STRICT_OBJC_MSGSEND = YES;
				ENABLE_TESTABILITY = YES;
				ENABLE_USER_SCRIPT_SANDBOXING = YES;
				GCC_C_LANGUAGE_STANDARD = gnu17;
				GCC_DYNAMIC_NO_PIC = NO;
				GCC_NO_COMMON_BLOCKS = YES;
				GCC_OPTIMIZATION_LEVEL = 0;
				GCC_PREPROCESSOR_DEFINITIONS = (
					"DEBUG=1",
					"$(inherited)",
				);
				GCC_WARN_64_TO_32_BIT_CONVERSION = YES;
				GCC_WARN_ABOUT_RETURN_TYPE = YES_ERROR;
				GCC_WARN_UNDECLARED_SELECTOR = YES;
				GCC_WARN_UNINITIALIZED_AUTOS = YES_AGGRESSIVE;
				GCC_WARN_UNUSED_FUNCTION = YES;
				GCC_WARN_UNUSED_VARIABLE = YES;
				IPHONEOS_DEPLOYMENT_TARGET = 17.0;
				LOCALIZATION_PREFERS_STRING_CATALOGS = YES;
				MTL_ENABLE_DEBUG_INFO = INCLUDE_SOURCE;
				MTL_FAST_MATH = YES;
				ONLY_ACTIVE_ARCH = YES;
				SDKROOT = iphoneos;
				SWIFT_ACTIVE_COMPILATION_CONDITIONS = "DEBUG $(inherited)";
				SWIFT_OPTIMIZATION_LEVEL = "-Onone";
			};
			name = Debug;
		};
		C5CD97D92B00E672003D7E3B /* Release */ = {
			isa = XCBuildConfiguration;
			buildSettings = {
				ALWAYS_SEARCH_USER_PATHS = NO;
				ASSETCATALOG_COMPILER_GENERATE_SWIFT_ASSET_SYMBOL_EXTENSIONS = YES;
				CLANG_ANALYZER_NONNULL = YES;
				CLANG_ANALYZER_NUMBER_OBJECT_CONVERSION = YES_AGGRESSIVE;
				CLANG_CXX_LANGUAGE_STANDARD = "gnu++20";
				CLANG_ENABLE_MODULES = YES;
				CLANG_ENABLE_OBJC_ARC = YES;
				CLANG_ENABLE_OBJC_WEAK = YES;
				CLANG_WARN_BLOCK_CAPTURE_AUTORELEASING = YES;
				CLANG_WARN_BOOL_CONVERSION = YES;
				CLANG_WARN_COMMA = YES;
				CLANG_WARN_CONSTANT_CONVERSION = YES;
				CLANG_WARN_DEPRECATED_OBJC_IMPLEMENTATIONS = YES;
				CLANG_WARN_DIRECT_OBJC_ISA_USAGE = YES_ERROR;
				CLANG_WARN_DOCUMENTATION_COMMENTS = YES;
				CLANG_WARN_EMPTY_BODY = YES;
				CLANG_WARN_ENUM_CONVERSION = YES;
				CLANG_WARN_INFINITE_RECURSION = YES;
				CLANG_WARN_INT_CONVERSION = YES;
				CLANG_WARN_NON_LITERAL_NULL_CONVERSION = YES;
				CLANG_WARN_OBJC_IMPLICIT_RETAIN_SELF = YES;
				CLANG_WARN_OBJC_LITERAL_CONVERSION = YES;
				CLANG_WARN_OBJC_ROOT_CLASS = YES_ERROR;
				CLANG_WARN_QUOTED_INCLUDE_IN_FRAMEWORK_HEADER = YES;
				CLANG_WARN_RANGE_LOOP_ANALYSIS = YES;
				CLANG_WARN_STRICT_PROTOTYPES = YES;
				CLANG_WARN_SUSPICIOUS_MOVE = YES;
				CLANG_WARN_UNGUARDED_AVAILABILITY = YES_AGGRESSIVE;
				CLANG_WARN_UNREACHABLE_CODE = YES;
				CLANG_WARN__DUPLICATE_METHOD_MATCH = YES;
				COPY_PHASE_STRIP = NO;
				DEBUG_INFORMATION_FORMAT = "dwarf-with-dsym";
				ENABLE_NS_ASSERTIONS = NO;
				ENABLE_STRICT_OBJC_MSGSEND = YES;
				ENABLE_USER_SCRIPT_SANDBOXING = YES;
				GCC_C_LANGUAGE_STANDARD = gnu17;
				GCC_NO_COMMON_BLOCKS = YES;
				GCC_WARN_64_TO_32_BIT_CONVERSION = YES;
				GCC_WARN_ABOUT_RETURN_TYPE = YES_ERROR;
				GCC_WARN_UNDECLARED_SELECTOR = YES;
				GCC_WARN_UNINITIALIZED_AUTOS = YES_AGGRESSIVE;
				GCC_WARN_UNUSED_FUNCTION = YES;
				GCC_WARN_UNUSED_VARIABLE = YES;
				IPHONEOS_DEPLOYMENT_TARGET = 17.0;
				LOCALIZATION_PREFERS_STRING_CATALOGS = YES;
				MTL_ENABLE_DEBUG_INFO = NO;
				MTL_FAST_MATH = YES;
				SDKROOT = iphoneos;
				SWIFT_COMPILATION_MODE = wholemodule;
				VALIDATE_PRODUCT = YES;
			};
			name = Release;
		};
		C5CD97DB2B00E672003D7E3B /* Debug */ = {
			isa = XCBuildConfiguration;
			buildSettings = {
				ASSETCATALOG_COMPILER_APPICON_NAME = AppIcon;
				ASSETCATALOG_COMPILER_GLOBAL_ACCENT_COLOR_NAME = AccentColor;
				CODE_SIGN_STYLE = Automatic;
				CURRENT_PROJECT_VERSION = 1;
				DEVELOPMENT_TEAM = 88PMY4A464;
				GENERATE_INFOPLIST_FILE = YES;
				INFOPLIST_FILE = "json+collections/App/Info.plist";
				INFOPLIST_KEY_UIApplicationSupportsIndirectInputEvents = YES;
				INFOPLIST_KEY_UILaunchStoryboardName = LaunchScreen;
				INFOPLIST_KEY_UIMainStoryboardFile = Main;
				INFOPLIST_KEY_UISupportedInterfaceOrientations_iPad = "UIInterfaceOrientationPortrait UIInterfaceOrientationPortraitUpsideDown UIInterfaceOrientationLandscapeLeft UIInterfaceOrientationLandscapeRight";
				INFOPLIST_KEY_UISupportedInterfaceOrientations_iPhone = "UIInterfaceOrientationPortrait UIInterfaceOrientationLandscapeLeft UIInterfaceOrientationLandscapeRight";
				LD_RUNPATH_SEARCH_PATHS = (
					"$(inherited)",
					"@executable_path/Frameworks",
				);
				MARKETING_VERSION = 1.0;
				PRODUCT_BUNDLE_IDENTIFIER = "dstashkov.json-collections";
				PRODUCT_NAME = "$(TARGET_NAME)";
				SUPPORTED_PLATFORMS = "iphoneos iphonesimulator";
				SUPPORTS_MACCATALYST = NO;
				SUPPORTS_MAC_DESIGNED_FOR_IPHONE_IPAD = NO;
				SWIFT_EMIT_LOC_STRINGS = YES;
				SWIFT_VERSION = 5.0;
				TARGETED_DEVICE_FAMILY = 1;
			};
			name = Debug;
		};
		C5CD97DC2B00E672003D7E3B /* Release */ = {
			isa = XCBuildConfiguration;
			buildSettings = {
				ASSETCATALOG_COMPILER_APPICON_NAME = AppIcon;
				ASSETCATALOG_COMPILER_GLOBAL_ACCENT_COLOR_NAME = AccentColor;
				CODE_SIGN_STYLE = Automatic;
				CURRENT_PROJECT_VERSION = 1;
				DEVELOPMENT_TEAM = 88PMY4A464;
				GENERATE_INFOPLIST_FILE = YES;
				INFOPLIST_FILE = "json+collections/App/Info.plist";
				INFOPLIST_KEY_UIApplicationSupportsIndirectInputEvents = YES;
				INFOPLIST_KEY_UILaunchStoryboardName = LaunchScreen;
				INFOPLIST_KEY_UIMainStoryboardFile = Main;
				INFOPLIST_KEY_UISupportedInterfaceOrientations_iPad = "UIInterfaceOrientationPortrait UIInterfaceOrientationPortraitUpsideDown UIInterfaceOrientationLandscapeLeft UIInterfaceOrientationLandscapeRight";
				INFOPLIST_KEY_UISupportedInterfaceOrientations_iPhone = "UIInterfaceOrientationPortrait UIInterfaceOrientationLandscapeLeft UIInterfaceOrientationLandscapeRight";
				LD_RUNPATH_SEARCH_PATHS = (
					"$(inherited)",
					"@executable_path/Frameworks",
				);
				MARKETING_VERSION = 1.0;
				PRODUCT_BUNDLE_IDENTIFIER = "dstashkov.json-collections";
				PRODUCT_NAME = "$(TARGET_NAME)";
				SUPPORTED_PLATFORMS = "iphoneos iphonesimulator";
				SUPPORTS_MACCATALYST = NO;
				SUPPORTS_MAC_DESIGNED_FOR_IPHONE_IPAD = NO;
				SWIFT_EMIT_LOC_STRINGS = YES;
				SWIFT_VERSION = 5.0;
				TARGETED_DEVICE_FAMILY = 1;
			};
			name = Release;
		};
/* End XCBuildConfiguration section */

/* Begin XCConfigurationList section */
		C5CD97C12B00E671003D7E3B /* Build configuration list for PBXProject "json+collections" */ = {
			isa = XCConfigurationList;
			buildConfigurations = (
				C5CD97D82B00E672003D7E3B /* Debug */,
				C5CD97D92B00E672003D7E3B /* Release */,
			);
			defaultConfigurationIsVisible = 0;
			defaultConfigurationName = Release;
		};
		C5CD97DA2B00E672003D7E3B /* Build configuration list for PBXNativeTarget "json+collections" */ = {
			isa = XCConfigurationList;
			buildConfigurations = (
				C5CD97DB2B00E672003D7E3B /* Debug */,
				C5CD97DC2B00E672003D7E3B /* Release */,
			);
			defaultConfigurationIsVisible = 0;
			defaultConfigurationName = Release;
		};
/* End XCConfigurationList section */
	};
	rootObject = C5CD97BE2B00E671003D7E3B /* Project object */;
}
